
Microsoft Visual Studio Solution File, Format Version 12.00
# Visual Studio 15
VisualStudioVersion = 15.0.26228.10
MinimumVisualStudioVersion = 10.0.40219.1
Project("{FAE04EC0-301F-11D3-BF4B-00C04F79EFBC}") = "Acr.IO", "Acr.IO\Acr.IO.csproj", "{A35E0D2E-F509-4925-8D08-293C330A8E08}"
EndProject
Project("{D954291E-2A0B-460D-934E-DC6B0785DB48}") = "Acr.IO.Shared", "Acr.IO.Shared\Acr.IO.Shared.shproj", "{A15FD6BD-96E8-4094-8647-FEC769DC38DE}"
EndProject
Project("{FAE04EC0-301F-11D3-BF4B-00C04F79EFBC}") = "Acr.IO.Android", "Acr.IO.Android\Acr.IO.Android.csproj", "{89BC5EE7-8D42-4BDD-8BBC-50DBA700C0A9}"
EndProject
Project("{2150E333-8FDC-42A3-9474-1A3956D46DE8}") = "Platforms", "Platforms", "{5D70461B-E25A-4251-9084-480B02E4F0CB}"
EndProject
Project("{FAE04EC0-301F-11D3-BF4B-00C04F79EFBC}") = "Acr.IO.iOS", "Acr.IO.iOS\Acr.IO.iOS.csproj", "{5833ED04-4638-472D-911A-728B7A03C0D1}"
EndProject
Project("{2150E333-8FDC-42A3-9474-1A3956D46DE8}") = "Solution Items", "Solution Items", "{5005E7F1-B367-41CB-AFAB-FC7237B10241}"
	ProjectSection(SolutionItems) = preProject
		..\nuspec\Acr.IO.nuspec = ..\nuspec\Acr.IO.nuspec
		..\nuspec\nuget.exe = ..\nuspec\nuget.exe
		..\nuspec\pack.cmd = ..\nuspec\pack.cmd
		..\nuspec\push.cmd = ..\nuspec\push.cmd
		..\readme.md = ..\readme.md
	EndProjectSection
EndProject
Project("{FAE04EC0-301F-11D3-BF4B-00C04F79EFBC}") = "Samples", "Samples\Samples\Samples.csproj", "{F00E1613-0D67-496A-9AAE-719FD75E9994}"
EndProject
Project("{FAE04EC0-301F-11D3-BF4B-00C04F79EFBC}") = "Samples.iOS", "Samples\Samples.iOS\Samples.iOS.csproj", "{AEFEEC0A-9704-4441-BF38-BC034F818A85}"
EndProject
Project("{FAE04EC0-301F-11D3-BF4B-00C04F79EFBC}") = "Samples.Droid", "Samples\Samples.Droid\Samples.Droid.csproj", "{82E07B09-C55F-43CD-8092-EDCA32A529BC}"
EndProject
Project("{FAE04EC0-301F-11D3-BF4B-00C04F79EFBC}") = "Acr.IO.Interface", "Acr.IO.Interface\Acr.IO.Interface.csproj", "{3092B8B1-F3A7-4CE6-AD9C-BC0FB28B07DC}"
EndProject
Project("{FAE04EC0-301F-11D3-BF4B-00C04F79EFBC}") = "Acr.IO.Uwp", "Acr.IO.Uwp\Acr.IO.Uwp.csproj", "{DF163AC8-E643-48FC-BC7D-47095A4394B6}"
EndProject
Project("{FAE04EC0-301F-11D3-BF4B-00C04F79EFBC}") = "Samples.Uwp", "Samples\Samples.Uwp\Samples.Uwp.csproj", "{CC5C54B7-93F5-4CD9-9384-468CF39D8020}"
EndProject
Project("{FAE04EC0-301F-11D3-BF4B-00C04F79EFBC}") = "Acr.IO.Tests", "Acr.IO.Tests\Acr.IO.Tests.csproj", "{EAB55415-B63A-485E-A766-54B6258503F2}"
EndProject
Project("{FAE04EC0-301F-11D3-BF4B-00C04F79EFBC}") = "Acr.IO.Net", "Acr.IO.Net\Acr.IO.Net.csproj", "{AFB45CE2-4E18-4B45-A39A-91BBD4EA7148}"
EndProject
Global
	GlobalSection(SharedMSBuildProjectFiles) = preSolution
		Acr.IO.Shared\Acr.IO.Shared.projitems*{5833ed04-4638-472d-911a-728b7a03c0d1}*SharedItemsImports = 4
		Acr.IO.Shared\Acr.IO.Shared.projitems*{89bc5ee7-8d42-4bdd-8bbc-50dba700c0a9}*SharedItemsImports = 4
		Acr.IO.Shared\Acr.IO.Shared.projitems*{a15fd6bd-96e8-4094-8647-fec769dc38de}*SharedItemsImports = 13
		Acr.IO.Shared\Acr.IO.Shared.projitems*{a35e0d2e-f509-4925-8d08-293c330a8e08}*SharedItemsImports = 4
		Acr.IO.Shared\Acr.IO.Shared.projitems*{afb45ce2-4e18-4b45-a39a-91bbd4ea7148}*SharedItemsImports = 4
		Acr.IO.Shared\Acr.IO.Shared.projitems*{df163ac8-e643-48fc-bc7d-47095a4394b6}*SharedItemsImports = 4
	EndGlobalSection
	GlobalSection(SolutionConfigurationPlatforms) = preSolution
		Ad-Hoc|Any CPU = Ad-Hoc|Any CPU
		Ad-Hoc|ARM = Ad-Hoc|ARM
		Ad-Hoc|iPhone = Ad-Hoc|iPhone
		Ad-Hoc|iPhoneSimulator = Ad-Hoc|iPhoneSimulator
		Ad-Hoc|Mixed Platforms = Ad-Hoc|Mixed Platforms
		Ad-Hoc|x64 = Ad-Hoc|x64
		Ad-Hoc|x86 = Ad-Hoc|x86
		AppStore|Any CPU = AppStore|Any CPU
		AppStore|ARM = AppStore|ARM
		AppStore|iPhone = AppStore|iPhone
		AppStore|iPhoneSimulator = AppStore|iPhoneSimulator
		AppStore|Mixed Platforms = AppStore|Mixed Platforms
		AppStore|x64 = AppStore|x64
		AppStore|x86 = AppStore|x86
		Debug|Any CPU = Debug|Any CPU
		Debug|ARM = Debug|ARM
		Debug|iPhone = Debug|iPhone
		Debug|iPhoneSimulator = Debug|iPhoneSimulator
		Debug|Mixed Platforms = Debug|Mixed Platforms
		Debug|x64 = Debug|x64
		Debug|x86 = Debug|x86
		Release|Any CPU = Release|Any CPU
		Release|ARM = Release|ARM
		Release|iPhone = Release|iPhone
		Release|iPhoneSimulator = Release|iPhoneSimulator
		Release|Mixed Platforms = Release|Mixed Platforms
		Release|x64 = Release|x64
		Release|x86 = Release|x86
	EndGlobalSection
	GlobalSection(ProjectConfigurationPlatforms) = postSolution
		{A35E0D2E-F509-4925-8D08-293C330A8E08}.Ad-Hoc|Any CPU.ActiveCfg = Release|Any CPU
		{A35E0D2E-F509-4925-8D08-293C330A8E08}.Ad-Hoc|Any CPU.Build.0 = Release|Any CPU
		{A35E0D2E-F509-4925-8D08-293C330A8E08}.Ad-Hoc|ARM.ActiveCfg = Release|Any CPU
		{A35E0D2E-F509-4925-8D08-293C330A8E08}.Ad-Hoc|iPhone.ActiveCfg = Release|Any CPU
		{A35E0D2E-F509-4925-8D08-293C330A8E08}.Ad-Hoc|iPhoneSimulator.ActiveCfg = Release|Any CPU
		{A35E0D2E-F509-4925-8D08-293C330A8E08}.Ad-Hoc|Mixed Platforms.ActiveCfg = Release|Any CPU
		{A35E0D2E-F509-4925-8D08-293C330A8E08}.Ad-Hoc|Mixed Platforms.Build.0 = Release|Any CPU
		{A35E0D2E-F509-4925-8D08-293C330A8E08}.Ad-Hoc|x64.ActiveCfg = Debug|Any CPU
		{A35E0D2E-F509-4925-8D08-293C330A8E08}.Ad-Hoc|x64.Build.0 = Debug|Any CPU
		{A35E0D2E-F509-4925-8D08-293C330A8E08}.Ad-Hoc|x86.ActiveCfg = Release|Any CPU
		{A35E0D2E-F509-4925-8D08-293C330A8E08}.AppStore|Any CPU.ActiveCfg = Release|Any CPU
		{A35E0D2E-F509-4925-8D08-293C330A8E08}.AppStore|Any CPU.Build.0 = Release|Any CPU
		{A35E0D2E-F509-4925-8D08-293C330A8E08}.AppStore|ARM.ActiveCfg = Release|Any CPU
		{A35E0D2E-F509-4925-8D08-293C330A8E08}.AppStore|iPhone.ActiveCfg = Release|Any CPU
		{A35E0D2E-F509-4925-8D08-293C330A8E08}.AppStore|iPhoneSimulator.ActiveCfg = Release|Any CPU
		{A35E0D2E-F509-4925-8D08-293C330A8E08}.AppStore|Mixed Platforms.ActiveCfg = Release|Any CPU
		{A35E0D2E-F509-4925-8D08-293C330A8E08}.AppStore|Mixed Platforms.Build.0 = Release|Any CPU
		{A35E0D2E-F509-4925-8D08-293C330A8E08}.AppStore|x64.ActiveCfg = Debug|Any CPU
		{A35E0D2E-F509-4925-8D08-293C330A8E08}.AppStore|x64.Build.0 = Debug|Any CPU
		{A35E0D2E-F509-4925-8D08-293C330A8E08}.AppStore|x86.ActiveCfg = Release|Any CPU
		{A35E0D2E-F509-4925-8D08-293C330A8E08}.Debug|Any CPU.ActiveCfg = Debug|Any CPU
		{A35E0D2E-F509-4925-8D08-293C330A8E08}.Debug|Any CPU.Build.0 = Debug|Any CPU
		{A35E0D2E-F509-4925-8D08-293C330A8E08}.Debug|ARM.ActiveCfg = Debug|Any CPU
		{A35E0D2E-F509-4925-8D08-293C330A8E08}.Debug|iPhone.ActiveCfg = Debug|Any CPU
		{A35E0D2E-F509-4925-8D08-293C330A8E08}.Debug|iPhoneSimulator.ActiveCfg = Debug|Any CPU
		{A35E0D2E-F509-4925-8D08-293C330A8E08}.Debug|Mixed Platforms.ActiveCfg = Debug|Any CPU
		{A35E0D2E-F509-4925-8D08-293C330A8E08}.Debug|Mixed Platforms.Build.0 = Debug|Any CPU
		{A35E0D2E-F509-4925-8D08-293C330A8E08}.Debug|x64.ActiveCfg = Debug|Any CPU
		{A35E0D2E-F509-4925-8D08-293C330A8E08}.Debug|x64.Build.0 = Debug|Any CPU
		{A35E0D2E-F509-4925-8D08-293C330A8E08}.Debug|x86.ActiveCfg = Debug|Any CPU
		{A35E0D2E-F509-4925-8D08-293C330A8E08}.Release|Any CPU.ActiveCfg = Release|Any CPU
		{A35E0D2E-F509-4925-8D08-293C330A8E08}.Release|Any CPU.Build.0 = Release|Any CPU
		{A35E0D2E-F509-4925-8D08-293C330A8E08}.Release|ARM.ActiveCfg = Release|Any CPU
		{A35E0D2E-F509-4925-8D08-293C330A8E08}.Release|iPhone.ActiveCfg = Release|Any CPU
		{A35E0D2E-F509-4925-8D08-293C330A8E08}.Release|iPhoneSimulator.ActiveCfg = Release|Any CPU
		{A35E0D2E-F509-4925-8D08-293C330A8E08}.Release|Mixed Platforms.ActiveCfg = Release|Any CPU
		{A35E0D2E-F509-4925-8D08-293C330A8E08}.Release|Mixed Platforms.Build.0 = Release|Any CPU
		{A35E0D2E-F509-4925-8D08-293C330A8E08}.Release|x64.ActiveCfg = Release|Any CPU
		{A35E0D2E-F509-4925-8D08-293C330A8E08}.Release|x64.Build.0 = Release|Any CPU
		{A35E0D2E-F509-4925-8D08-293C330A8E08}.Release|x86.ActiveCfg = Release|Any CPU
		{89BC5EE7-8D42-4BDD-8BBC-50DBA700C0A9}.Ad-Hoc|Any CPU.ActiveCfg = Release|Any CPU
		{89BC5EE7-8D42-4BDD-8BBC-50DBA700C0A9}.Ad-Hoc|Any CPU.Build.0 = Release|Any CPU
		{89BC5EE7-8D42-4BDD-8BBC-50DBA700C0A9}.Ad-Hoc|ARM.ActiveCfg = Release|Any CPU
		{89BC5EE7-8D42-4BDD-8BBC-50DBA700C0A9}.Ad-Hoc|iPhone.ActiveCfg = Release|Any CPU
		{89BC5EE7-8D42-4BDD-8BBC-50DBA700C0A9}.Ad-Hoc|iPhoneSimulator.ActiveCfg = Release|Any CPU
		{89BC5EE7-8D42-4BDD-8BBC-50DBA700C0A9}.Ad-Hoc|Mixed Platforms.ActiveCfg = Release|Any CPU
		{89BC5EE7-8D42-4BDD-8BBC-50DBA700C0A9}.Ad-Hoc|Mixed Platforms.Build.0 = Release|Any CPU
		{89BC5EE7-8D42-4BDD-8BBC-50DBA700C0A9}.Ad-Hoc|x64.ActiveCfg = Debug|Any CPU
		{89BC5EE7-8D42-4BDD-8BBC-50DBA700C0A9}.Ad-Hoc|x64.Build.0 = Debug|Any CPU
		{89BC5EE7-8D42-4BDD-8BBC-50DBA700C0A9}.Ad-Hoc|x86.ActiveCfg = Release|Any CPU
		{89BC5EE7-8D42-4BDD-8BBC-50DBA700C0A9}.AppStore|Any CPU.ActiveCfg = Release|Any CPU
		{89BC5EE7-8D42-4BDD-8BBC-50DBA700C0A9}.AppStore|Any CPU.Build.0 = Release|Any CPU
		{89BC5EE7-8D42-4BDD-8BBC-50DBA700C0A9}.AppStore|ARM.ActiveCfg = Release|Any CPU
		{89BC5EE7-8D42-4BDD-8BBC-50DBA700C0A9}.AppStore|iPhone.ActiveCfg = Release|Any CPU
		{89BC5EE7-8D42-4BDD-8BBC-50DBA700C0A9}.AppStore|iPhoneSimulator.ActiveCfg = Release|Any CPU
		{89BC5EE7-8D42-4BDD-8BBC-50DBA700C0A9}.AppStore|Mixed Platforms.ActiveCfg = Release|Any CPU
		{89BC5EE7-8D42-4BDD-8BBC-50DBA700C0A9}.AppStore|Mixed Platforms.Build.0 = Release|Any CPU
		{89BC5EE7-8D42-4BDD-8BBC-50DBA700C0A9}.AppStore|x64.ActiveCfg = Debug|Any CPU
		{89BC5EE7-8D42-4BDD-8BBC-50DBA700C0A9}.AppStore|x64.Build.0 = Debug|Any CPU
		{89BC5EE7-8D42-4BDD-8BBC-50DBA700C0A9}.AppStore|x86.ActiveCfg = Release|Any CPU
		{89BC5EE7-8D42-4BDD-8BBC-50DBA700C0A9}.Debug|Any CPU.ActiveCfg = Debug|Any CPU
		{89BC5EE7-8D42-4BDD-8BBC-50DBA700C0A9}.Debug|Any CPU.Build.0 = Debug|Any CPU
		{89BC5EE7-8D42-4BDD-8BBC-50DBA700C0A9}.Debug|ARM.ActiveCfg = Debug|Any CPU
		{89BC5EE7-8D42-4BDD-8BBC-50DBA700C0A9}.Debug|iPhone.ActiveCfg = Debug|Any CPU
		{89BC5EE7-8D42-4BDD-8BBC-50DBA700C0A9}.Debug|iPhoneSimulator.ActiveCfg = Debug|Any CPU
		{89BC5EE7-8D42-4BDD-8BBC-50DBA700C0A9}.Debug|Mixed Platforms.ActiveCfg = Debug|Any CPU
		{89BC5EE7-8D42-4BDD-8BBC-50DBA700C0A9}.Debug|Mixed Platforms.Build.0 = Debug|Any CPU
		{89BC5EE7-8D42-4BDD-8BBC-50DBA700C0A9}.Debug|x64.ActiveCfg = Debug|Any CPU
		{89BC5EE7-8D42-4BDD-8BBC-50DBA700C0A9}.Debug|x64.Build.0 = Debug|Any CPU
		{89BC5EE7-8D42-4BDD-8BBC-50DBA700C0A9}.Debug|x86.ActiveCfg = Debug|Any CPU
		{89BC5EE7-8D42-4BDD-8BBC-50DBA700C0A9}.Release|Any CPU.ActiveCfg = Release|Any CPU
		{89BC5EE7-8D42-4BDD-8BBC-50DBA700C0A9}.Release|Any CPU.Build.0 = Release|Any CPU
		{89BC5EE7-8D42-4BDD-8BBC-50DBA700C0A9}.Release|ARM.ActiveCfg = Release|Any CPU
		{89BC5EE7-8D42-4BDD-8BBC-50DBA700C0A9}.Release|iPhone.ActiveCfg = Release|Any CPU
		{89BC5EE7-8D42-4BDD-8BBC-50DBA700C0A9}.Release|iPhoneSimulator.ActiveCfg = Release|Any CPU
		{89BC5EE7-8D42-4BDD-8BBC-50DBA700C0A9}.Release|Mixed Platforms.ActiveCfg = Release|Any CPU
		{89BC5EE7-8D42-4BDD-8BBC-50DBA700C0A9}.Release|Mixed Platforms.Build.0 = Release|Any CPU
		{89BC5EE7-8D42-4BDD-8BBC-50DBA700C0A9}.Release|x64.ActiveCfg = Release|Any CPU
		{89BC5EE7-8D42-4BDD-8BBC-50DBA700C0A9}.Release|x64.Build.0 = Release|Any CPU
		{89BC5EE7-8D42-4BDD-8BBC-50DBA700C0A9}.Release|x86.ActiveCfg = Release|Any CPU
		{5833ED04-4638-472D-911A-728B7A03C0D1}.Ad-Hoc|Any CPU.ActiveCfg = Release|Any CPU
		{5833ED04-4638-472D-911A-728B7A03C0D1}.Ad-Hoc|Any CPU.Build.0 = Release|Any CPU
		{5833ED04-4638-472D-911A-728B7A03C0D1}.Ad-Hoc|ARM.ActiveCfg = Release|Any CPU
		{5833ED04-4638-472D-911A-728B7A03C0D1}.Ad-Hoc|iPhone.ActiveCfg = Release|Any CPU
		{5833ED04-4638-472D-911A-728B7A03C0D1}.Ad-Hoc|iPhoneSimulator.ActiveCfg = Release|Any CPU
		{5833ED04-4638-472D-911A-728B7A03C0D1}.Ad-Hoc|Mixed Platforms.ActiveCfg = Release|Any CPU
		{5833ED04-4638-472D-911A-728B7A03C0D1}.Ad-Hoc|Mixed Platforms.Build.0 = Release|Any CPU
		{5833ED04-4638-472D-911A-728B7A03C0D1}.Ad-Hoc|x64.ActiveCfg = Debug|Any CPU
		{5833ED04-4638-472D-911A-728B7A03C0D1}.Ad-Hoc|x64.Build.0 = Debug|Any CPU
		{5833ED04-4638-472D-911A-728B7A03C0D1}.Ad-Hoc|x86.ActiveCfg = Release|Any CPU
		{5833ED04-4638-472D-911A-728B7A03C0D1}.AppStore|Any CPU.ActiveCfg = Release|Any CPU
		{5833ED04-4638-472D-911A-728B7A03C0D1}.AppStore|Any CPU.Build.0 = Release|Any CPU
		{5833ED04-4638-472D-911A-728B7A03C0D1}.AppStore|ARM.ActiveCfg = Release|Any CPU
		{5833ED04-4638-472D-911A-728B7A03C0D1}.AppStore|iPhone.ActiveCfg = Release|Any CPU
		{5833ED04-4638-472D-911A-728B7A03C0D1}.AppStore|iPhoneSimulator.ActiveCfg = Release|Any CPU
		{5833ED04-4638-472D-911A-728B7A03C0D1}.AppStore|Mixed Platforms.ActiveCfg = Release|Any CPU
		{5833ED04-4638-472D-911A-728B7A03C0D1}.AppStore|Mixed Platforms.Build.0 = Release|Any CPU
		{5833ED04-4638-472D-911A-728B7A03C0D1}.AppStore|x64.ActiveCfg = Debug|Any CPU
		{5833ED04-4638-472D-911A-728B7A03C0D1}.AppStore|x64.Build.0 = Debug|Any CPU
		{5833ED04-4638-472D-911A-728B7A03C0D1}.AppStore|x86.ActiveCfg = Release|Any CPU
		{5833ED04-4638-472D-911A-728B7A03C0D1}.Debug|Any CPU.ActiveCfg = Debug|Any CPU
		{5833ED04-4638-472D-911A-728B7A03C0D1}.Debug|Any CPU.Build.0 = Debug|Any CPU
		{5833ED04-4638-472D-911A-728B7A03C0D1}.Debug|ARM.ActiveCfg = Debug|Any CPU
		{5833ED04-4638-472D-911A-728B7A03C0D1}.Debug|iPhone.ActiveCfg = Debug|Any CPU
		{5833ED04-4638-472D-911A-728B7A03C0D1}.Debug|iPhoneSimulator.ActiveCfg = Debug|Any CPU
		{5833ED04-4638-472D-911A-728B7A03C0D1}.Debug|Mixed Platforms.ActiveCfg = Debug|Any CPU
		{5833ED04-4638-472D-911A-728B7A03C0D1}.Debug|Mixed Platforms.Build.0 = Debug|Any CPU
		{5833ED04-4638-472D-911A-728B7A03C0D1}.Debug|x64.ActiveCfg = Debug|Any CPU
		{5833ED04-4638-472D-911A-728B7A03C0D1}.Debug|x64.Build.0 = Debug|Any CPU
		{5833ED04-4638-472D-911A-728B7A03C0D1}.Debug|x86.ActiveCfg = Debug|Any CPU
		{5833ED04-4638-472D-911A-728B7A03C0D1}.Release|Any CPU.ActiveCfg = Release|Any CPU
		{5833ED04-4638-472D-911A-728B7A03C0D1}.Release|Any CPU.Build.0 = Release|Any CPU
		{5833ED04-4638-472D-911A-728B7A03C0D1}.Release|ARM.ActiveCfg = Release|Any CPU
		{5833ED04-4638-472D-911A-728B7A03C0D1}.Release|iPhone.ActiveCfg = Release|Any CPU
		{5833ED04-4638-472D-911A-728B7A03C0D1}.Release|iPhoneSimulator.ActiveCfg = Release|Any CPU
		{5833ED04-4638-472D-911A-728B7A03C0D1}.Release|Mixed Platforms.ActiveCfg = Release|Any CPU
		{5833ED04-4638-472D-911A-728B7A03C0D1}.Release|Mixed Platforms.Build.0 = Release|Any CPU
		{5833ED04-4638-472D-911A-728B7A03C0D1}.Release|x64.ActiveCfg = Release|Any CPU
		{5833ED04-4638-472D-911A-728B7A03C0D1}.Release|x64.Build.0 = Release|Any CPU
		{5833ED04-4638-472D-911A-728B7A03C0D1}.Release|x86.ActiveCfg = Release|Any CPU
		{F00E1613-0D67-496A-9AAE-719FD75E9994}.Ad-Hoc|Any CPU.ActiveCfg = Release|Any CPU
		{F00E1613-0D67-496A-9AAE-719FD75E9994}.Ad-Hoc|Any CPU.Build.0 = Release|Any CPU
		{F00E1613-0D67-496A-9AAE-719FD75E9994}.Ad-Hoc|ARM.ActiveCfg = Release|Any CPU
		{F00E1613-0D67-496A-9AAE-719FD75E9994}.Ad-Hoc|iPhone.ActiveCfg = Release|Any CPU
		{F00E1613-0D67-496A-9AAE-719FD75E9994}.Ad-Hoc|iPhoneSimulator.ActiveCfg = Release|Any CPU
		{F00E1613-0D67-496A-9AAE-719FD75E9994}.Ad-Hoc|Mixed Platforms.ActiveCfg = Release|Any CPU
		{F00E1613-0D67-496A-9AAE-719FD75E9994}.Ad-Hoc|Mixed Platforms.Build.0 = Release|Any CPU
		{F00E1613-0D67-496A-9AAE-719FD75E9994}.Ad-Hoc|x64.ActiveCfg = Debug|Any CPU
		{F00E1613-0D67-496A-9AAE-719FD75E9994}.Ad-Hoc|x64.Build.0 = Debug|Any CPU
		{F00E1613-0D67-496A-9AAE-719FD75E9994}.Ad-Hoc|x86.ActiveCfg = Release|Any CPU
		{F00E1613-0D67-496A-9AAE-719FD75E9994}.AppStore|Any CPU.ActiveCfg = Release|Any CPU
		{F00E1613-0D67-496A-9AAE-719FD75E9994}.AppStore|Any CPU.Build.0 = Release|Any CPU
		{F00E1613-0D67-496A-9AAE-719FD75E9994}.AppStore|ARM.ActiveCfg = Release|Any CPU
		{F00E1613-0D67-496A-9AAE-719FD75E9994}.AppStore|iPhone.ActiveCfg = Release|Any CPU
		{F00E1613-0D67-496A-9AAE-719FD75E9994}.AppStore|iPhoneSimulator.ActiveCfg = Release|Any CPU
		{F00E1613-0D67-496A-9AAE-719FD75E9994}.AppStore|Mixed Platforms.ActiveCfg = Release|Any CPU
		{F00E1613-0D67-496A-9AAE-719FD75E9994}.AppStore|Mixed Platforms.Build.0 = Release|Any CPU
		{F00E1613-0D67-496A-9AAE-719FD75E9994}.AppStore|x64.ActiveCfg = Debug|Any CPU
		{F00E1613-0D67-496A-9AAE-719FD75E9994}.AppStore|x64.Build.0 = Debug|Any CPU
		{F00E1613-0D67-496A-9AAE-719FD75E9994}.AppStore|x86.ActiveCfg = Release|Any CPU
		{F00E1613-0D67-496A-9AAE-719FD75E9994}.Debug|Any CPU.ActiveCfg = Debug|Any CPU
		{F00E1613-0D67-496A-9AAE-719FD75E9994}.Debug|Any CPU.Build.0 = Debug|Any CPU
		{F00E1613-0D67-496A-9AAE-719FD75E9994}.Debug|ARM.ActiveCfg = Debug|Any CPU
		{F00E1613-0D67-496A-9AAE-719FD75E9994}.Debug|iPhone.ActiveCfg = Debug|Any CPU
		{F00E1613-0D67-496A-9AAE-719FD75E9994}.Debug|iPhoneSimulator.ActiveCfg = Debug|Any CPU
		{F00E1613-0D67-496A-9AAE-719FD75E9994}.Debug|Mixed Platforms.ActiveCfg = Debug|Any CPU
		{F00E1613-0D67-496A-9AAE-719FD75E9994}.Debug|Mixed Platforms.Build.0 = Debug|Any CPU
		{F00E1613-0D67-496A-9AAE-719FD75E9994}.Debug|x64.ActiveCfg = Debug|Any CPU
		{F00E1613-0D67-496A-9AAE-719FD75E9994}.Debug|x64.Build.0 = Debug|Any CPU
		{F00E1613-0D67-496A-9AAE-719FD75E9994}.Debug|x86.ActiveCfg = Debug|Any CPU
		{F00E1613-0D67-496A-9AAE-719FD75E9994}.Release|Any CPU.ActiveCfg = Release|Any CPU
		{F00E1613-0D67-496A-9AAE-719FD75E9994}.Release|ARM.ActiveCfg = Release|Any CPU
		{F00E1613-0D67-496A-9AAE-719FD75E9994}.Release|iPhone.ActiveCfg = Release|Any CPU
		{F00E1613-0D67-496A-9AAE-719FD75E9994}.Release|iPhoneSimulator.ActiveCfg = Release|Any CPU
		{F00E1613-0D67-496A-9AAE-719FD75E9994}.Release|Mixed Platforms.ActiveCfg = Release|Any CPU
		{F00E1613-0D67-496A-9AAE-719FD75E9994}.Release|Mixed Platforms.Build.0 = Release|Any CPU
		{F00E1613-0D67-496A-9AAE-719FD75E9994}.Release|x64.ActiveCfg = Release|Any CPU
		{F00E1613-0D67-496A-9AAE-719FD75E9994}.Release|x64.Build.0 = Release|Any CPU
		{F00E1613-0D67-496A-9AAE-719FD75E9994}.Release|x86.ActiveCfg = Release|Any CPU
		{AEFEEC0A-9704-4441-BF38-BC034F818A85}.Ad-Hoc|Any CPU.ActiveCfg = Ad-Hoc|iPhone
		{AEFEEC0A-9704-4441-BF38-BC034F818A85}.Ad-Hoc|ARM.ActiveCfg = Ad-Hoc|iPhone
		{AEFEEC0A-9704-4441-BF38-BC034F818A85}.Ad-Hoc|iPhone.ActiveCfg = Ad-Hoc|iPhone
		{AEFEEC0A-9704-4441-BF38-BC034F818A85}.Ad-Hoc|iPhone.Build.0 = Ad-Hoc|iPhone
		{AEFEEC0A-9704-4441-BF38-BC034F818A85}.Ad-Hoc|iPhoneSimulator.ActiveCfg = Ad-Hoc|iPhoneSimulator
		{AEFEEC0A-9704-4441-BF38-BC034F818A85}.Ad-Hoc|iPhoneSimulator.Build.0 = Ad-Hoc|iPhoneSimulator
		{AEFEEC0A-9704-4441-BF38-BC034F818A85}.Ad-Hoc|Mixed Platforms.ActiveCfg = Ad-Hoc|iPhone
		{AEFEEC0A-9704-4441-BF38-BC034F818A85}.Ad-Hoc|Mixed Platforms.Build.0 = Ad-Hoc|iPhone
		{AEFEEC0A-9704-4441-BF38-BC034F818A85}.Ad-Hoc|x64.ActiveCfg = Ad-Hoc|iPhoneSimulator
		{AEFEEC0A-9704-4441-BF38-BC034F818A85}.Ad-Hoc|x86.ActiveCfg = Ad-Hoc|iPhone
		{AEFEEC0A-9704-4441-BF38-BC034F818A85}.AppStore|Any CPU.ActiveCfg = AppStore|iPhone
		{AEFEEC0A-9704-4441-BF38-BC034F818A85}.AppStore|ARM.ActiveCfg = AppStore|iPhone
		{AEFEEC0A-9704-4441-BF38-BC034F818A85}.AppStore|iPhone.ActiveCfg = AppStore|iPhone
		{AEFEEC0A-9704-4441-BF38-BC034F818A85}.AppStore|iPhone.Build.0 = AppStore|iPhone
		{AEFEEC0A-9704-4441-BF38-BC034F818A85}.AppStore|iPhoneSimulator.ActiveCfg = AppStore|iPhoneSimulator
		{AEFEEC0A-9704-4441-BF38-BC034F818A85}.AppStore|iPhoneSimulator.Build.0 = AppStore|iPhoneSimulator
		{AEFEEC0A-9704-4441-BF38-BC034F818A85}.AppStore|Mixed Platforms.ActiveCfg = AppStore|iPhone
		{AEFEEC0A-9704-4441-BF38-BC034F818A85}.AppStore|Mixed Platforms.Build.0 = AppStore|iPhone
		{AEFEEC0A-9704-4441-BF38-BC034F818A85}.AppStore|x64.ActiveCfg = AppStore|iPhoneSimulator
		{AEFEEC0A-9704-4441-BF38-BC034F818A85}.AppStore|x86.ActiveCfg = AppStore|iPhone
		{AEFEEC0A-9704-4441-BF38-BC034F818A85}.Debug|Any CPU.ActiveCfg = Debug|iPhone
		{AEFEEC0A-9704-4441-BF38-BC034F818A85}.Debug|ARM.ActiveCfg = Debug|iPhone
		{AEFEEC0A-9704-4441-BF38-BC034F818A85}.Debug|iPhone.ActiveCfg = Debug|iPhone
		{AEFEEC0A-9704-4441-BF38-BC034F818A85}.Debug|iPhone.Build.0 = Debug|iPhone
		{AEFEEC0A-9704-4441-BF38-BC034F818A85}.Debug|iPhoneSimulator.ActiveCfg = Debug|iPhoneSimulator
		{AEFEEC0A-9704-4441-BF38-BC034F818A85}.Debug|iPhoneSimulator.Build.0 = Debug|iPhoneSimulator
		{AEFEEC0A-9704-4441-BF38-BC034F818A85}.Debug|Mixed Platforms.ActiveCfg = Debug|iPhone
		{AEFEEC0A-9704-4441-BF38-BC034F818A85}.Debug|Mixed Platforms.Build.0 = Debug|iPhone
		{AEFEEC0A-9704-4441-BF38-BC034F818A85}.Debug|x64.ActiveCfg = Debug|iPhoneSimulator
		{AEFEEC0A-9704-4441-BF38-BC034F818A85}.Debug|x86.ActiveCfg = Debug|iPhone
		{AEFEEC0A-9704-4441-BF38-BC034F818A85}.Release|Any CPU.ActiveCfg = Release|iPhone
		{AEFEEC0A-9704-4441-BF38-BC034F818A85}.Release|ARM.ActiveCfg = Release|iPhone
		{AEFEEC0A-9704-4441-BF38-BC034F818A85}.Release|iPhone.ActiveCfg = Release|iPhone
		{AEFEEC0A-9704-4441-BF38-BC034F818A85}.Release|iPhone.Build.0 = Release|iPhone
		{AEFEEC0A-9704-4441-BF38-BC034F818A85}.Release|iPhoneSimulator.ActiveCfg = Release|iPhoneSimulator
		{AEFEEC0A-9704-4441-BF38-BC034F818A85}.Release|iPhoneSimulator.Build.0 = Release|iPhoneSimulator
		{AEFEEC0A-9704-4441-BF38-BC034F818A85}.Release|Mixed Platforms.ActiveCfg = Release|iPhone
		{AEFEEC0A-9704-4441-BF38-BC034F818A85}.Release|Mixed Platforms.Build.0 = Release|iPhone
		{AEFEEC0A-9704-4441-BF38-BC034F818A85}.Release|x64.ActiveCfg = Release|iPhoneSimulator
		{AEFEEC0A-9704-4441-BF38-BC034F818A85}.Release|x86.ActiveCfg = Release|iPhone
		{82E07B09-C55F-43CD-8092-EDCA32A529BC}.Ad-Hoc|Any CPU.ActiveCfg = Release|Any CPU
		{82E07B09-C55F-43CD-8092-EDCA32A529BC}.Ad-Hoc|Any CPU.Build.0 = Release|Any CPU
		{82E07B09-C55F-43CD-8092-EDCA32A529BC}.Ad-Hoc|Any CPU.Deploy.0 = Release|Any CPU
		{82E07B09-C55F-43CD-8092-EDCA32A529BC}.Ad-Hoc|ARM.ActiveCfg = Release|Any CPU
		{82E07B09-C55F-43CD-8092-EDCA32A529BC}.Ad-Hoc|iPhone.ActiveCfg = Release|Any CPU
		{82E07B09-C55F-43CD-8092-EDCA32A529BC}.Ad-Hoc|iPhoneSimulator.ActiveCfg = Release|Any CPU
		{82E07B09-C55F-43CD-8092-EDCA32A529BC}.Ad-Hoc|Mixed Platforms.ActiveCfg = Release|Any CPU
		{82E07B09-C55F-43CD-8092-EDCA32A529BC}.Ad-Hoc|Mixed Platforms.Build.0 = Release|Any CPU
		{82E07B09-C55F-43CD-8092-EDCA32A529BC}.Ad-Hoc|Mixed Platforms.Deploy.0 = Release|Any CPU
		{82E07B09-C55F-43CD-8092-EDCA32A529BC}.Ad-Hoc|x64.ActiveCfg = Debug|Any CPU
		{82E07B09-C55F-43CD-8092-EDCA32A529BC}.Ad-Hoc|x64.Build.0 = Debug|Any CPU
		{82E07B09-C55F-43CD-8092-EDCA32A529BC}.Ad-Hoc|x64.Deploy.0 = Debug|Any CPU
		{82E07B09-C55F-43CD-8092-EDCA32A529BC}.Ad-Hoc|x86.ActiveCfg = Release|Any CPU
		{82E07B09-C55F-43CD-8092-EDCA32A529BC}.AppStore|Any CPU.ActiveCfg = Release|Any CPU
		{82E07B09-C55F-43CD-8092-EDCA32A529BC}.AppStore|Any CPU.Build.0 = Release|Any CPU
		{82E07B09-C55F-43CD-8092-EDCA32A529BC}.AppStore|Any CPU.Deploy.0 = Release|Any CPU
		{82E07B09-C55F-43CD-8092-EDCA32A529BC}.AppStore|ARM.ActiveCfg = Release|Any CPU
		{82E07B09-C55F-43CD-8092-EDCA32A529BC}.AppStore|iPhone.ActiveCfg = Release|Any CPU
		{82E07B09-C55F-43CD-8092-EDCA32A529BC}.AppStore|iPhoneSimulator.ActiveCfg = Release|Any CPU
		{82E07B09-C55F-43CD-8092-EDCA32A529BC}.AppStore|Mixed Platforms.ActiveCfg = Release|Any CPU
		{82E07B09-C55F-43CD-8092-EDCA32A529BC}.AppStore|Mixed Platforms.Build.0 = Release|Any CPU
		{82E07B09-C55F-43CD-8092-EDCA32A529BC}.AppStore|Mixed Platforms.Deploy.0 = Release|Any CPU
		{82E07B09-C55F-43CD-8092-EDCA32A529BC}.AppStore|x64.ActiveCfg = Debug|Any CPU
		{82E07B09-C55F-43CD-8092-EDCA32A529BC}.AppStore|x64.Build.0 = Debug|Any CPU
		{82E07B09-C55F-43CD-8092-EDCA32A529BC}.AppStore|x64.Deploy.0 = Debug|Any CPU
		{82E07B09-C55F-43CD-8092-EDCA32A529BC}.AppStore|x86.ActiveCfg = Release|Any CPU
		{82E07B09-C55F-43CD-8092-EDCA32A529BC}.Debug|Any CPU.ActiveCfg = Debug|Any CPU
		{82E07B09-C55F-43CD-8092-EDCA32A529BC}.Debug|Any CPU.Build.0 = Debug|Any CPU
		{82E07B09-C55F-43CD-8092-EDCA32A529BC}.Debug|Any CPU.Deploy.0 = Debug|Any CPU
		{82E07B09-C55F-43CD-8092-EDCA32A529BC}.Debug|ARM.ActiveCfg = Debug|Any CPU
		{82E07B09-C55F-43CD-8092-EDCA32A529BC}.Debug|iPhone.ActiveCfg = Debug|Any CPU
		{82E07B09-C55F-43CD-8092-EDCA32A529BC}.Debug|iPhoneSimulator.ActiveCfg = Debug|Any CPU
		{82E07B09-C55F-43CD-8092-EDCA32A529BC}.Debug|Mixed Platforms.ActiveCfg = Debug|Any CPU
		{82E07B09-C55F-43CD-8092-EDCA32A529BC}.Debug|Mixed Platforms.Build.0 = Debug|Any CPU
		{82E07B09-C55F-43CD-8092-EDCA32A529BC}.Debug|Mixed Platforms.Deploy.0 = Debug|Any CPU
		{82E07B09-C55F-43CD-8092-EDCA32A529BC}.Debug|x64.ActiveCfg = Debug|Any CPU
		{82E07B09-C55F-43CD-8092-EDCA32A529BC}.Debug|x64.Build.0 = Debug|Any CPU
		{82E07B09-C55F-43CD-8092-EDCA32A529BC}.Debug|x64.Deploy.0 = Debug|Any CPU
		{82E07B09-C55F-43CD-8092-EDCA32A529BC}.Debug|x86.ActiveCfg = Debug|Any CPU
		{82E07B09-C55F-43CD-8092-EDCA32A529BC}.Release|Any CPU.ActiveCfg = Release|Any CPU
		{82E07B09-C55F-43CD-8092-EDCA32A529BC}.Release|ARM.ActiveCfg = Release|Any CPU
		{82E07B09-C55F-43CD-8092-EDCA32A529BC}.Release|iPhone.ActiveCfg = Release|Any CPU
		{82E07B09-C55F-43CD-8092-EDCA32A529BC}.Release|iPhoneSimulator.ActiveCfg = Release|Any CPU
		{82E07B09-C55F-43CD-8092-EDCA32A529BC}.Release|Mixed Platforms.ActiveCfg = Release|Any CPU
		{82E07B09-C55F-43CD-8092-EDCA32A529BC}.Release|Mixed Platforms.Build.0 = Release|Any CPU
		{82E07B09-C55F-43CD-8092-EDCA32A529BC}.Release|Mixed Platforms.Deploy.0 = Release|Any CPU
		{82E07B09-C55F-43CD-8092-EDCA32A529BC}.Release|x64.ActiveCfg = Release|Any CPU
		{82E07B09-C55F-43CD-8092-EDCA32A529BC}.Release|x64.Build.0 = Release|Any CPU
		{82E07B09-C55F-43CD-8092-EDCA32A529BC}.Release|x64.Deploy.0 = Release|Any CPU
		{82E07B09-C55F-43CD-8092-EDCA32A529BC}.Release|x86.ActiveCfg = Release|Any CPU
		{3092B8B1-F3A7-4CE6-AD9C-BC0FB28B07DC}.Ad-Hoc|Any CPU.ActiveCfg = Release|Any CPU
		{3092B8B1-F3A7-4CE6-AD9C-BC0FB28B07DC}.Ad-Hoc|Any CPU.Build.0 = Release|Any CPU
		{3092B8B1-F3A7-4CE6-AD9C-BC0FB28B07DC}.Ad-Hoc|ARM.ActiveCfg = Release|Any CPU
		{3092B8B1-F3A7-4CE6-AD9C-BC0FB28B07DC}.Ad-Hoc|ARM.Build.0 = Release|Any CPU
		{3092B8B1-F3A7-4CE6-AD9C-BC0FB28B07DC}.Ad-Hoc|iPhone.ActiveCfg = Release|Any CPU
		{3092B8B1-F3A7-4CE6-AD9C-BC0FB28B07DC}.Ad-Hoc|iPhone.Build.0 = Release|Any CPU
		{3092B8B1-F3A7-4CE6-AD9C-BC0FB28B07DC}.Ad-Hoc|iPhoneSimulator.ActiveCfg = Release|Any CPU
		{3092B8B1-F3A7-4CE6-AD9C-BC0FB28B07DC}.Ad-Hoc|iPhoneSimulator.Build.0 = Release|Any CPU
		{3092B8B1-F3A7-4CE6-AD9C-BC0FB28B07DC}.Ad-Hoc|Mixed Platforms.ActiveCfg = Release|Any CPU
		{3092B8B1-F3A7-4CE6-AD9C-BC0FB28B07DC}.Ad-Hoc|Mixed Platforms.Build.0 = Release|Any CPU
		{3092B8B1-F3A7-4CE6-AD9C-BC0FB28B07DC}.Ad-Hoc|x64.ActiveCfg = Release|Any CPU
		{3092B8B1-F3A7-4CE6-AD9C-BC0FB28B07DC}.Ad-Hoc|x64.Build.0 = Release|Any CPU
		{3092B8B1-F3A7-4CE6-AD9C-BC0FB28B07DC}.Ad-Hoc|x86.ActiveCfg = Release|Any CPU
		{3092B8B1-F3A7-4CE6-AD9C-BC0FB28B07DC}.Ad-Hoc|x86.Build.0 = Release|Any CPU
		{3092B8B1-F3A7-4CE6-AD9C-BC0FB28B07DC}.AppStore|Any CPU.ActiveCfg = Release|Any CPU
		{3092B8B1-F3A7-4CE6-AD9C-BC0FB28B07DC}.AppStore|Any CPU.Build.0 = Release|Any CPU
		{3092B8B1-F3A7-4CE6-AD9C-BC0FB28B07DC}.AppStore|ARM.ActiveCfg = Release|Any CPU
		{3092B8B1-F3A7-4CE6-AD9C-BC0FB28B07DC}.AppStore|ARM.Build.0 = Release|Any CPU
		{3092B8B1-F3A7-4CE6-AD9C-BC0FB28B07DC}.AppStore|iPhone.ActiveCfg = Release|Any CPU
		{3092B8B1-F3A7-4CE6-AD9C-BC0FB28B07DC}.AppStore|iPhone.Build.0 = Release|Any CPU
		{3092B8B1-F3A7-4CE6-AD9C-BC0FB28B07DC}.AppStore|iPhoneSimulator.ActiveCfg = Release|Any CPU
		{3092B8B1-F3A7-4CE6-AD9C-BC0FB28B07DC}.AppStore|iPhoneSimulator.Build.0 = Release|Any CPU
		{3092B8B1-F3A7-4CE6-AD9C-BC0FB28B07DC}.AppStore|Mixed Platforms.ActiveCfg = Release|Any CPU
		{3092B8B1-F3A7-4CE6-AD9C-BC0FB28B07DC}.AppStore|Mixed Platforms.Build.0 = Release|Any CPU
		{3092B8B1-F3A7-4CE6-AD9C-BC0FB28B07DC}.AppStore|x64.ActiveCfg = Release|Any CPU
		{3092B8B1-F3A7-4CE6-AD9C-BC0FB28B07DC}.AppStore|x64.Build.0 = Release|Any CPU
		{3092B8B1-F3A7-4CE6-AD9C-BC0FB28B07DC}.AppStore|x86.ActiveCfg = Release|Any CPU
		{3092B8B1-F3A7-4CE6-AD9C-BC0FB28B07DC}.AppStore|x86.Build.0 = Release|Any CPU
		{3092B8B1-F3A7-4CE6-AD9C-BC0FB28B07DC}.Debug|Any CPU.ActiveCfg = Debug|Any CPU
		{3092B8B1-F3A7-4CE6-AD9C-BC0FB28B07DC}.Debug|Any CPU.Build.0 = Debug|Any CPU
		{3092B8B1-F3A7-4CE6-AD9C-BC0FB28B07DC}.Debug|ARM.ActiveCfg = Debug|Any CPU
		{3092B8B1-F3A7-4CE6-AD9C-BC0FB28B07DC}.Debug|ARM.Build.0 = Debug|Any CPU
		{3092B8B1-F3A7-4CE6-AD9C-BC0FB28B07DC}.Debug|iPhone.ActiveCfg = Debug|Any CPU
		{3092B8B1-F3A7-4CE6-AD9C-BC0FB28B07DC}.Debug|iPhone.Build.0 = Debug|Any CPU
		{3092B8B1-F3A7-4CE6-AD9C-BC0FB28B07DC}.Debug|iPhoneSimulator.ActiveCfg = Debug|Any CPU
		{3092B8B1-F3A7-4CE6-AD9C-BC0FB28B07DC}.Debug|iPhoneSimulator.Build.0 = Debug|Any CPU
		{3092B8B1-F3A7-4CE6-AD9C-BC0FB28B07DC}.Debug|Mixed Platforms.ActiveCfg = Debug|Any CPU
		{3092B8B1-F3A7-4CE6-AD9C-BC0FB28B07DC}.Debug|Mixed Platforms.Build.0 = Debug|Any CPU
		{3092B8B1-F3A7-4CE6-AD9C-BC0FB28B07DC}.Debug|x64.ActiveCfg = Debug|Any CPU
		{3092B8B1-F3A7-4CE6-AD9C-BC0FB28B07DC}.Debug|x64.Build.0 = Debug|Any CPU
		{3092B8B1-F3A7-4CE6-AD9C-BC0FB28B07DC}.Debug|x86.ActiveCfg = Debug|Any CPU
		{3092B8B1-F3A7-4CE6-AD9C-BC0FB28B07DC}.Debug|x86.Build.0 = Debug|Any CPU
		{3092B8B1-F3A7-4CE6-AD9C-BC0FB28B07DC}.Release|Any CPU.ActiveCfg = Release|Any CPU
		{3092B8B1-F3A7-4CE6-AD9C-BC0FB28B07DC}.Release|Any CPU.Build.0 = Release|Any CPU
		{3092B8B1-F3A7-4CE6-AD9C-BC0FB28B07DC}.Release|ARM.ActiveCfg = Release|Any CPU
		{3092B8B1-F3A7-4CE6-AD9C-BC0FB28B07DC}.Release|ARM.Build.0 = Release|Any CPU
		{3092B8B1-F3A7-4CE6-AD9C-BC0FB28B07DC}.Release|iPhone.ActiveCfg = Release|Any CPU
		{3092B8B1-F3A7-4CE6-AD9C-BC0FB28B07DC}.Release|iPhone.Build.0 = Release|Any CPU
		{3092B8B1-F3A7-4CE6-AD9C-BC0FB28B07DC}.Release|iPhoneSimulator.ActiveCfg = Release|Any CPU
		{3092B8B1-F3A7-4CE6-AD9C-BC0FB28B07DC}.Release|iPhoneSimulator.Build.0 = Release|Any CPU
		{3092B8B1-F3A7-4CE6-AD9C-BC0FB28B07DC}.Release|Mixed Platforms.ActiveCfg = Release|Any CPU
		{3092B8B1-F3A7-4CE6-AD9C-BC0FB28B07DC}.Release|Mixed Platforms.Build.0 = Release|Any CPU
		{3092B8B1-F3A7-4CE6-AD9C-BC0FB28B07DC}.Release|x64.ActiveCfg = Release|Any CPU
		{3092B8B1-F3A7-4CE6-AD9C-BC0FB28B07DC}.Release|x64.Build.0 = Release|Any CPU
		{3092B8B1-F3A7-4CE6-AD9C-BC0FB28B07DC}.Release|x86.ActiveCfg = Release|Any CPU
		{3092B8B1-F3A7-4CE6-AD9C-BC0FB28B07DC}.Release|x86.Build.0 = Release|Any CPU
		{DF163AC8-E643-48FC-BC7D-47095A4394B6}.Ad-Hoc|Any CPU.ActiveCfg = Release|Any CPU
		{DF163AC8-E643-48FC-BC7D-47095A4394B6}.Ad-Hoc|Any CPU.Build.0 = Release|Any CPU
		{DF163AC8-E643-48FC-BC7D-47095A4394B6}.Ad-Hoc|ARM.ActiveCfg = Release|ARM
		{DF163AC8-E643-48FC-BC7D-47095A4394B6}.Ad-Hoc|ARM.Build.0 = Release|ARM
		{DF163AC8-E643-48FC-BC7D-47095A4394B6}.Ad-Hoc|iPhone.ActiveCfg = Release|Any CPU
		{DF163AC8-E643-48FC-BC7D-47095A4394B6}.Ad-Hoc|iPhone.Build.0 = Release|Any CPU
		{DF163AC8-E643-48FC-BC7D-47095A4394B6}.Ad-Hoc|iPhoneSimulator.ActiveCfg = Release|Any CPU
		{DF163AC8-E643-48FC-BC7D-47095A4394B6}.Ad-Hoc|iPhoneSimulator.Build.0 = Release|Any CPU
		{DF163AC8-E643-48FC-BC7D-47095A4394B6}.Ad-Hoc|Mixed Platforms.ActiveCfg = Release|x86
		{DF163AC8-E643-48FC-BC7D-47095A4394B6}.Ad-Hoc|Mixed Platforms.Build.0 = Release|x86
		{DF163AC8-E643-48FC-BC7D-47095A4394B6}.Ad-Hoc|x64.ActiveCfg = Release|x64
		{DF163AC8-E643-48FC-BC7D-47095A4394B6}.Ad-Hoc|x64.Build.0 = Release|x64
		{DF163AC8-E643-48FC-BC7D-47095A4394B6}.Ad-Hoc|x86.ActiveCfg = Release|x86
		{DF163AC8-E643-48FC-BC7D-47095A4394B6}.Ad-Hoc|x86.Build.0 = Release|x86
		{DF163AC8-E643-48FC-BC7D-47095A4394B6}.AppStore|Any CPU.ActiveCfg = Release|Any CPU
		{DF163AC8-E643-48FC-BC7D-47095A4394B6}.AppStore|Any CPU.Build.0 = Release|Any CPU
		{DF163AC8-E643-48FC-BC7D-47095A4394B6}.AppStore|ARM.ActiveCfg = Release|ARM
		{DF163AC8-E643-48FC-BC7D-47095A4394B6}.AppStore|ARM.Build.0 = Release|ARM
		{DF163AC8-E643-48FC-BC7D-47095A4394B6}.AppStore|iPhone.ActiveCfg = Release|Any CPU
		{DF163AC8-E643-48FC-BC7D-47095A4394B6}.AppStore|iPhone.Build.0 = Release|Any CPU
		{DF163AC8-E643-48FC-BC7D-47095A4394B6}.AppStore|iPhoneSimulator.ActiveCfg = Release|Any CPU
		{DF163AC8-E643-48FC-BC7D-47095A4394B6}.AppStore|iPhoneSimulator.Build.0 = Release|Any CPU
		{DF163AC8-E643-48FC-BC7D-47095A4394B6}.AppStore|Mixed Platforms.ActiveCfg = Release|x86
		{DF163AC8-E643-48FC-BC7D-47095A4394B6}.AppStore|Mixed Platforms.Build.0 = Release|x86
		{DF163AC8-E643-48FC-BC7D-47095A4394B6}.AppStore|x64.ActiveCfg = Release|x64
		{DF163AC8-E643-48FC-BC7D-47095A4394B6}.AppStore|x64.Build.0 = Release|x64
		{DF163AC8-E643-48FC-BC7D-47095A4394B6}.AppStore|x86.ActiveCfg = Release|x86
		{DF163AC8-E643-48FC-BC7D-47095A4394B6}.AppStore|x86.Build.0 = Release|x86
		{DF163AC8-E643-48FC-BC7D-47095A4394B6}.Debug|Any CPU.ActiveCfg = Debug|Any CPU
		{DF163AC8-E643-48FC-BC7D-47095A4394B6}.Debug|Any CPU.Build.0 = Debug|Any CPU
		{DF163AC8-E643-48FC-BC7D-47095A4394B6}.Debug|ARM.ActiveCfg = Debug|ARM
		{DF163AC8-E643-48FC-BC7D-47095A4394B6}.Debug|ARM.Build.0 = Debug|ARM
		{DF163AC8-E643-48FC-BC7D-47095A4394B6}.Debug|iPhone.ActiveCfg = Debug|Any CPU
		{DF163AC8-E643-48FC-BC7D-47095A4394B6}.Debug|iPhone.Build.0 = Debug|Any CPU
		{DF163AC8-E643-48FC-BC7D-47095A4394B6}.Debug|iPhoneSimulator.ActiveCfg = Debug|Any CPU
		{DF163AC8-E643-48FC-BC7D-47095A4394B6}.Debug|iPhoneSimulator.Build.0 = Debug|Any CPU
		{DF163AC8-E643-48FC-BC7D-47095A4394B6}.Debug|Mixed Platforms.ActiveCfg = Debug|x86
		{DF163AC8-E643-48FC-BC7D-47095A4394B6}.Debug|Mixed Platforms.Build.0 = Debug|x86
		{DF163AC8-E643-48FC-BC7D-47095A4394B6}.Debug|x64.ActiveCfg = Debug|x64
		{DF163AC8-E643-48FC-BC7D-47095A4394B6}.Debug|x64.Build.0 = Debug|x64
		{DF163AC8-E643-48FC-BC7D-47095A4394B6}.Debug|x86.ActiveCfg = Debug|x86
		{DF163AC8-E643-48FC-BC7D-47095A4394B6}.Debug|x86.Build.0 = Debug|x86
		{DF163AC8-E643-48FC-BC7D-47095A4394B6}.Release|Any CPU.ActiveCfg = Release|Any CPU
		{DF163AC8-E643-48FC-BC7D-47095A4394B6}.Release|Any CPU.Build.0 = Release|Any CPU
		{DF163AC8-E643-48FC-BC7D-47095A4394B6}.Release|ARM.ActiveCfg = Release|ARM
		{DF163AC8-E643-48FC-BC7D-47095A4394B6}.Release|ARM.Build.0 = Release|ARM
		{DF163AC8-E643-48FC-BC7D-47095A4394B6}.Release|iPhone.ActiveCfg = Release|Any CPU
		{DF163AC8-E643-48FC-BC7D-47095A4394B6}.Release|iPhone.Build.0 = Release|Any CPU
		{DF163AC8-E643-48FC-BC7D-47095A4394B6}.Release|iPhoneSimulator.ActiveCfg = Release|Any CPU
		{DF163AC8-E643-48FC-BC7D-47095A4394B6}.Release|iPhoneSimulator.Build.0 = Release|Any CPU
		{DF163AC8-E643-48FC-BC7D-47095A4394B6}.Release|Mixed Platforms.ActiveCfg = Release|x86
		{DF163AC8-E643-48FC-BC7D-47095A4394B6}.Release|Mixed Platforms.Build.0 = Release|x86
		{DF163AC8-E643-48FC-BC7D-47095A4394B6}.Release|x64.ActiveCfg = Release|x64
		{DF163AC8-E643-48FC-BC7D-47095A4394B6}.Release|x64.Build.0 = Release|x64
		{DF163AC8-E643-48FC-BC7D-47095A4394B6}.Release|x86.ActiveCfg = Release|x86
		{DF163AC8-E643-48FC-BC7D-47095A4394B6}.Release|x86.Build.0 = Release|x86
		{CC5C54B7-93F5-4CD9-9384-468CF39D8020}.Ad-Hoc|Any CPU.ActiveCfg = Release|x86
		{CC5C54B7-93F5-4CD9-9384-468CF39D8020}.Ad-Hoc|Any CPU.Build.0 = Release|x86
		{CC5C54B7-93F5-4CD9-9384-468CF39D8020}.Ad-Hoc|Any CPU.Deploy.0 = Release|x86
		{CC5C54B7-93F5-4CD9-9384-468CF39D8020}.Ad-Hoc|ARM.ActiveCfg = Release|ARM
		{CC5C54B7-93F5-4CD9-9384-468CF39D8020}.Ad-Hoc|ARM.Build.0 = Release|ARM
		{CC5C54B7-93F5-4CD9-9384-468CF39D8020}.Ad-Hoc|ARM.Deploy.0 = Release|ARM
		{CC5C54B7-93F5-4CD9-9384-468CF39D8020}.Ad-Hoc|iPhone.ActiveCfg = Release|x86
		{CC5C54B7-93F5-4CD9-9384-468CF39D8020}.Ad-Hoc|iPhone.Build.0 = Release|x86
		{CC5C54B7-93F5-4CD9-9384-468CF39D8020}.Ad-Hoc|iPhone.Deploy.0 = Release|x86
		{CC5C54B7-93F5-4CD9-9384-468CF39D8020}.Ad-Hoc|iPhoneSimulator.ActiveCfg = Release|x86
		{CC5C54B7-93F5-4CD9-9384-468CF39D8020}.Ad-Hoc|iPhoneSimulator.Build.0 = Release|x86
		{CC5C54B7-93F5-4CD9-9384-468CF39D8020}.Ad-Hoc|iPhoneSimulator.Deploy.0 = Release|x86
		{CC5C54B7-93F5-4CD9-9384-468CF39D8020}.Ad-Hoc|Mixed Platforms.ActiveCfg = Release|x86
		{CC5C54B7-93F5-4CD9-9384-468CF39D8020}.Ad-Hoc|Mixed Platforms.Build.0 = Release|x86
		{CC5C54B7-93F5-4CD9-9384-468CF39D8020}.Ad-Hoc|Mixed Platforms.Deploy.0 = Release|x86
		{CC5C54B7-93F5-4CD9-9384-468CF39D8020}.Ad-Hoc|x64.ActiveCfg = Release|x64
		{CC5C54B7-93F5-4CD9-9384-468CF39D8020}.Ad-Hoc|x64.Build.0 = Release|x64
		{CC5C54B7-93F5-4CD9-9384-468CF39D8020}.Ad-Hoc|x64.Deploy.0 = Release|x64
		{CC5C54B7-93F5-4CD9-9384-468CF39D8020}.Ad-Hoc|x86.ActiveCfg = Release|x86
		{CC5C54B7-93F5-4CD9-9384-468CF39D8020}.Ad-Hoc|x86.Build.0 = Release|x86
		{CC5C54B7-93F5-4CD9-9384-468CF39D8020}.Ad-Hoc|x86.Deploy.0 = Release|x86
		{CC5C54B7-93F5-4CD9-9384-468CF39D8020}.AppStore|Any CPU.ActiveCfg = Release|x86
		{CC5C54B7-93F5-4CD9-9384-468CF39D8020}.AppStore|Any CPU.Build.0 = Release|x86
		{CC5C54B7-93F5-4CD9-9384-468CF39D8020}.AppStore|Any CPU.Deploy.0 = Release|x86
		{CC5C54B7-93F5-4CD9-9384-468CF39D8020}.AppStore|ARM.ActiveCfg = Release|ARM
		{CC5C54B7-93F5-4CD9-9384-468CF39D8020}.AppStore|ARM.Build.0 = Release|ARM
		{CC5C54B7-93F5-4CD9-9384-468CF39D8020}.AppStore|ARM.Deploy.0 = Release|ARM
		{CC5C54B7-93F5-4CD9-9384-468CF39D8020}.AppStore|iPhone.ActiveCfg = Release|x86
		{CC5C54B7-93F5-4CD9-9384-468CF39D8020}.AppStore|iPhone.Build.0 = Release|x86
		{CC5C54B7-93F5-4CD9-9384-468CF39D8020}.AppStore|iPhone.Deploy.0 = Release|x86
		{CC5C54B7-93F5-4CD9-9384-468CF39D8020}.AppStore|iPhoneSimulator.ActiveCfg = Release|x86
		{CC5C54B7-93F5-4CD9-9384-468CF39D8020}.AppStore|iPhoneSimulator.Build.0 = Release|x86
		{CC5C54B7-93F5-4CD9-9384-468CF39D8020}.AppStore|iPhoneSimulator.Deploy.0 = Release|x86
		{CC5C54B7-93F5-4CD9-9384-468CF39D8020}.AppStore|Mixed Platforms.ActiveCfg = Release|x86
		{CC5C54B7-93F5-4CD9-9384-468CF39D8020}.AppStore|Mixed Platforms.Build.0 = Release|x86
		{CC5C54B7-93F5-4CD9-9384-468CF39D8020}.AppStore|Mixed Platforms.Deploy.0 = Release|x86
		{CC5C54B7-93F5-4CD9-9384-468CF39D8020}.AppStore|x64.ActiveCfg = Release|x64
		{CC5C54B7-93F5-4CD9-9384-468CF39D8020}.AppStore|x64.Build.0 = Release|x64
		{CC5C54B7-93F5-4CD9-9384-468CF39D8020}.AppStore|x64.Deploy.0 = Release|x64
		{CC5C54B7-93F5-4CD9-9384-468CF39D8020}.AppStore|x86.ActiveCfg = Release|x86
		{CC5C54B7-93F5-4CD9-9384-468CF39D8020}.AppStore|x86.Build.0 = Release|x86
		{CC5C54B7-93F5-4CD9-9384-468CF39D8020}.AppStore|x86.Deploy.0 = Release|x86
		{CC5C54B7-93F5-4CD9-9384-468CF39D8020}.Debug|Any CPU.ActiveCfg = Debug|x86
		{CC5C54B7-93F5-4CD9-9384-468CF39D8020}.Debug|ARM.ActiveCfg = Debug|ARM
		{CC5C54B7-93F5-4CD9-9384-468CF39D8020}.Debug|ARM.Build.0 = Debug|ARM
		{CC5C54B7-93F5-4CD9-9384-468CF39D8020}.Debug|ARM.Deploy.0 = Debug|ARM
		{CC5C54B7-93F5-4CD9-9384-468CF39D8020}.Debug|iPhone.ActiveCfg = Debug|x86
		{CC5C54B7-93F5-4CD9-9384-468CF39D8020}.Debug|iPhoneSimulator.ActiveCfg = Debug|x86
		{CC5C54B7-93F5-4CD9-9384-468CF39D8020}.Debug|Mixed Platforms.ActiveCfg = Debug|x86
		{CC5C54B7-93F5-4CD9-9384-468CF39D8020}.Debug|Mixed Platforms.Build.0 = Debug|x86
		{CC5C54B7-93F5-4CD9-9384-468CF39D8020}.Debug|Mixed Platforms.Deploy.0 = Debug|x86
		{CC5C54B7-93F5-4CD9-9384-468CF39D8020}.Debug|x64.ActiveCfg = Debug|x64
		{CC5C54B7-93F5-4CD9-9384-468CF39D8020}.Debug|x64.Build.0 = Debug|x64
		{CC5C54B7-93F5-4CD9-9384-468CF39D8020}.Debug|x64.Deploy.0 = Debug|x64
		{CC5C54B7-93F5-4CD9-9384-468CF39D8020}.Debug|x86.ActiveCfg = Debug|x86
		{CC5C54B7-93F5-4CD9-9384-468CF39D8020}.Debug|x86.Build.0 = Debug|x86
		{CC5C54B7-93F5-4CD9-9384-468CF39D8020}.Debug|x86.Deploy.0 = Debug|x86
		{CC5C54B7-93F5-4CD9-9384-468CF39D8020}.Release|Any CPU.ActiveCfg = Release|x86
		{CC5C54B7-93F5-4CD9-9384-468CF39D8020}.Release|ARM.ActiveCfg = Release|ARM
		{CC5C54B7-93F5-4CD9-9384-468CF39D8020}.Release|ARM.Build.0 = Release|ARM
		{CC5C54B7-93F5-4CD9-9384-468CF39D8020}.Release|ARM.Deploy.0 = Release|ARM
		{CC5C54B7-93F5-4CD9-9384-468CF39D8020}.Release|iPhone.ActiveCfg = Release|x86
		{CC5C54B7-93F5-4CD9-9384-468CF39D8020}.Release|iPhoneSimulator.ActiveCfg = Release|x86
		{CC5C54B7-93F5-4CD9-9384-468CF39D8020}.Release|Mixed Platforms.ActiveCfg = Release|x86
		{CC5C54B7-93F5-4CD9-9384-468CF39D8020}.Release|Mixed Platforms.Build.0 = Release|x86
		{CC5C54B7-93F5-4CD9-9384-468CF39D8020}.Release|Mixed Platforms.Deploy.0 = Release|x86
		{CC5C54B7-93F5-4CD9-9384-468CF39D8020}.Release|x64.ActiveCfg = Release|x64
		{CC5C54B7-93F5-4CD9-9384-468CF39D8020}.Release|x64.Build.0 = Release|x64
		{CC5C54B7-93F5-4CD9-9384-468CF39D8020}.Release|x64.Deploy.0 = Release|x64
		{CC5C54B7-93F5-4CD9-9384-468CF39D8020}.Release|x86.ActiveCfg = Release|x86
		{CC5C54B7-93F5-4CD9-9384-468CF39D8020}.Release|x86.Build.0 = Release|x86
		{CC5C54B7-93F5-4CD9-9384-468CF39D8020}.Release|x86.Deploy.0 = Release|x86
		{EAB55415-B63A-485E-A766-54B6258503F2}.Ad-Hoc|Any CPU.ActiveCfg = Release|Any CPU
		{EAB55415-B63A-485E-A766-54B6258503F2}.Ad-Hoc|Any CPU.Build.0 = Release|Any CPU
		{EAB55415-B63A-485E-A766-54B6258503F2}.Ad-Hoc|ARM.ActiveCfg = Release|Any CPU
		{EAB55415-B63A-485E-A766-54B6258503F2}.Ad-Hoc|ARM.Build.0 = Release|Any CPU
		{EAB55415-B63A-485E-A766-54B6258503F2}.Ad-Hoc|iPhone.ActiveCfg = Release|Any CPU
		{EAB55415-B63A-485E-A766-54B6258503F2}.Ad-Hoc|iPhone.Build.0 = Release|Any CPU
		{EAB55415-B63A-485E-A766-54B6258503F2}.Ad-Hoc|iPhoneSimulator.ActiveCfg = Release|Any CPU
		{EAB55415-B63A-485E-A766-54B6258503F2}.Ad-Hoc|iPhoneSimulator.Build.0 = Release|Any CPU
		{EAB55415-B63A-485E-A766-54B6258503F2}.Ad-Hoc|Mixed Platforms.ActiveCfg = Release|Any CPU
		{EAB55415-B63A-485E-A766-54B6258503F2}.Ad-Hoc|Mixed Platforms.Build.0 = Release|Any CPU
		{EAB55415-B63A-485E-A766-54B6258503F2}.Ad-Hoc|x64.ActiveCfg = Release|Any CPU
		{EAB55415-B63A-485E-A766-54B6258503F2}.Ad-Hoc|x64.Build.0 = Release|Any CPU
		{EAB55415-B63A-485E-A766-54B6258503F2}.Ad-Hoc|x86.ActiveCfg = Release|Any CPU
		{EAB55415-B63A-485E-A766-54B6258503F2}.Ad-Hoc|x86.Build.0 = Release|Any CPU
		{EAB55415-B63A-485E-A766-54B6258503F2}.AppStore|Any CPU.ActiveCfg = Release|Any CPU
		{EAB55415-B63A-485E-A766-54B6258503F2}.AppStore|Any CPU.Build.0 = Release|Any CPU
		{EAB55415-B63A-485E-A766-54B6258503F2}.AppStore|ARM.ActiveCfg = Release|Any CPU
		{EAB55415-B63A-485E-A766-54B6258503F2}.AppStore|ARM.Build.0 = Release|Any CPU
		{EAB55415-B63A-485E-A766-54B6258503F2}.AppStore|iPhone.ActiveCfg = Release|Any CPU
		{EAB55415-B63A-485E-A766-54B6258503F2}.AppStore|iPhone.Build.0 = Release|Any CPU
		{EAB55415-B63A-485E-A766-54B6258503F2}.AppStore|iPhoneSimulator.ActiveCfg = Release|Any CPU
		{EAB55415-B63A-485E-A766-54B6258503F2}.AppStore|iPhoneSimulator.Build.0 = Release|Any CPU
		{EAB55415-B63A-485E-A766-54B6258503F2}.AppStore|Mixed Platforms.ActiveCfg = Release|Any CPU
		{EAB55415-B63A-485E-A766-54B6258503F2}.AppStore|Mixed Platforms.Build.0 = Release|Any CPU
		{EAB55415-B63A-485E-A766-54B6258503F2}.AppStore|x64.ActiveCfg = Release|Any CPU
		{EAB55415-B63A-485E-A766-54B6258503F2}.AppStore|x64.Build.0 = Release|Any CPU
		{EAB55415-B63A-485E-A766-54B6258503F2}.AppStore|x86.ActiveCfg = Release|Any CPU
		{EAB55415-B63A-485E-A766-54B6258503F2}.AppStore|x86.Build.0 = Release|Any CPU
		{EAB55415-B63A-485E-A766-54B6258503F2}.Debug|Any CPU.ActiveCfg = Debug|Any CPU
		{EAB55415-B63A-485E-A766-54B6258503F2}.Debug|Any CPU.Build.0 = Debug|Any CPU
		{EAB55415-B63A-485E-A766-54B6258503F2}.Debug|ARM.ActiveCfg = Debug|Any CPU
		{EAB55415-B63A-485E-A766-54B6258503F2}.Debug|ARM.Build.0 = Debug|Any CPU
		{EAB55415-B63A-485E-A766-54B6258503F2}.Debug|iPhone.ActiveCfg = Debug|Any CPU
		{EAB55415-B63A-485E-A766-54B6258503F2}.Debug|iPhone.Build.0 = Debug|Any CPU
		{EAB55415-B63A-485E-A766-54B6258503F2}.Debug|iPhoneSimulator.ActiveCfg = Debug|Any CPU
		{EAB55415-B63A-485E-A766-54B6258503F2}.Debug|iPhoneSimulator.Build.0 = Debug|Any CPU
		{EAB55415-B63A-485E-A766-54B6258503F2}.Debug|Mixed Platforms.ActiveCfg = Debug|Any CPU
		{EAB55415-B63A-485E-A766-54B6258503F2}.Debug|Mixed Platforms.Build.0 = Debug|Any CPU
		{EAB55415-B63A-485E-A766-54B6258503F2}.Debug|x64.ActiveCfg = Debug|Any CPU
		{EAB55415-B63A-485E-A766-54B6258503F2}.Debug|x64.Build.0 = Debug|Any CPU
		{EAB55415-B63A-485E-A766-54B6258503F2}.Debug|x86.ActiveCfg = Debug|Any CPU
		{EAB55415-B63A-485E-A766-54B6258503F2}.Debug|x86.Build.0 = Debug|Any CPU
		{EAB55415-B63A-485E-A766-54B6258503F2}.Release|Any CPU.ActiveCfg = Release|Any CPU
		{EAB55415-B63A-485E-A766-54B6258503F2}.Release|Any CPU.Build.0 = Release|Any CPU
		{EAB55415-B63A-485E-A766-54B6258503F2}.Release|ARM.ActiveCfg = Release|Any CPU
		{EAB55415-B63A-485E-A766-54B6258503F2}.Release|ARM.Build.0 = Release|Any CPU
		{EAB55415-B63A-485E-A766-54B6258503F2}.Release|iPhone.ActiveCfg = Release|Any CPU
		{EAB55415-B63A-485E-A766-54B6258503F2}.Release|iPhone.Build.0 = Release|Any CPU
		{EAB55415-B63A-485E-A766-54B6258503F2}.Release|iPhoneSimulator.ActiveCfg = Release|Any CPU
		{EAB55415-B63A-485E-A766-54B6258503F2}.Release|iPhoneSimulator.Build.0 = Release|Any CPU
		{EAB55415-B63A-485E-A766-54B6258503F2}.Release|Mixed Platforms.ActiveCfg = Release|Any CPU
		{EAB55415-B63A-485E-A766-54B6258503F2}.Release|Mixed Platforms.Build.0 = Release|Any CPU
		{EAB55415-B63A-485E-A766-54B6258503F2}.Release|x64.ActiveCfg = Release|Any CPU
		{EAB55415-B63A-485E-A766-54B6258503F2}.Release|x64.Build.0 = Release|Any CPU
		{EAB55415-B63A-485E-A766-54B6258503F2}.Release|x86.ActiveCfg = Release|Any CPU
		{EAB55415-B63A-485E-A766-54B6258503F2}.Release|x86.Build.0 = Release|Any CPU
		{AFB45CE2-4E18-4B45-A39A-91BBD4EA7148}.Ad-Hoc|Any CPU.ActiveCfg = Release|Any CPU
		{AFB45CE2-4E18-4B45-A39A-91BBD4EA7148}.Ad-Hoc|Any CPU.Build.0 = Release|Any CPU
		{AFB45CE2-4E18-4B45-A39A-91BBD4EA7148}.Ad-Hoc|ARM.ActiveCfg = Release|Any CPU
		{AFB45CE2-4E18-4B45-A39A-91BBD4EA7148}.Ad-Hoc|ARM.Build.0 = Release|Any CPU
		{AFB45CE2-4E18-4B45-A39A-91BBD4EA7148}.Ad-Hoc|iPhone.ActiveCfg = Release|Any CPU
		{AFB45CE2-4E18-4B45-A39A-91BBD4EA7148}.Ad-Hoc|iPhone.Build.0 = Release|Any CPU
		{AFB45CE2-4E18-4B45-A39A-91BBD4EA7148}.Ad-Hoc|iPhoneSimulator.ActiveCfg = Release|Any CPU
		{AFB45CE2-4E18-4B45-A39A-91BBD4EA7148}.Ad-Hoc|iPhoneSimulator.Build.0 = Release|Any CPU
		{AFB45CE2-4E18-4B45-A39A-91BBD4EA7148}.Ad-Hoc|Mixed Platforms.ActiveCfg = Release|Any CPU
		{AFB45CE2-4E18-4B45-A39A-91BBD4EA7148}.Ad-Hoc|Mixed Platforms.Build.0 = Release|Any CPU
		{AFB45CE2-4E18-4B45-A39A-91BBD4EA7148}.Ad-Hoc|x64.ActiveCfg = Release|Any CPU
		{AFB45CE2-4E18-4B45-A39A-91BBD4EA7148}.Ad-Hoc|x64.Build.0 = Release|Any CPU
		{AFB45CE2-4E18-4B45-A39A-91BBD4EA7148}.Ad-Hoc|x86.ActiveCfg = Release|Any CPU
		{AFB45CE2-4E18-4B45-A39A-91BBD4EA7148}.Ad-Hoc|x86.Build.0 = Release|Any CPU
		{AFB45CE2-4E18-4B45-A39A-91BBD4EA7148}.AppStore|Any CPU.ActiveCfg = Release|Any CPU
		{AFB45CE2-4E18-4B45-A39A-91BBD4EA7148}.AppStore|Any CPU.Build.0 = Release|Any CPU
		{AFB45CE2-4E18-4B45-A39A-91BBD4EA7148}.AppStore|ARM.ActiveCfg = Release|Any CPU
		{AFB45CE2-4E18-4B45-A39A-91BBD4EA7148}.AppStore|ARM.Build.0 = Release|Any CPU
		{AFB45CE2-4E18-4B45-A39A-91BBD4EA7148}.AppStore|iPhone.ActiveCfg = Release|Any CPU
		{AFB45CE2-4E18-4B45-A39A-91BBD4EA7148}.AppStore|iPhone.Build.0 = Release|Any CPU
		{AFB45CE2-4E18-4B45-A39A-91BBD4EA7148}.AppStore|iPhoneSimulator.ActiveCfg = Release|Any CPU
		{AFB45CE2-4E18-4B45-A39A-91BBD4EA7148}.AppStore|iPhoneSimulator.Build.0 = Release|Any CPU
		{AFB45CE2-4E18-4B45-A39A-91BBD4EA7148}.AppStore|Mixed Platforms.ActiveCfg = Release|Any CPU
		{AFB45CE2-4E18-4B45-A39A-91BBD4EA7148}.AppStore|Mixed Platforms.Build.0 = Release|Any CPU
		{AFB45CE2-4E18-4B45-A39A-91BBD4EA7148}.AppStore|x64.ActiveCfg = Release|Any CPU
		{AFB45CE2-4E18-4B45-A39A-91BBD4EA7148}.AppStore|x64.Build.0 = Release|Any CPU
		{AFB45CE2-4E18-4B45-A39A-91BBD4EA7148}.AppStore|x86.ActiveCfg = Release|Any CPU
		{AFB45CE2-4E18-4B45-A39A-91BBD4EA7148}.AppStore|x86.Build.0 = Release|Any CPU
		{AFB45CE2-4E18-4B45-A39A-91BBD4EA7148}.Debug|Any CPU.ActiveCfg = Debug|Any CPU
		{AFB45CE2-4E18-4B45-A39A-91BBD4EA7148}.Debug|Any CPU.Build.0 = Debug|Any CPU
		{AFB45CE2-4E18-4B45-A39A-91BBD4EA7148}.Debug|ARM.ActiveCfg = Debug|Any CPU
		{AFB45CE2-4E18-4B45-A39A-91BBD4EA7148}.Debug|ARM.Build.0 = Debug|Any CPU
		{AFB45CE2-4E18-4B45-A39A-91BBD4EA7148}.Debug|iPhone.ActiveCfg = Debug|Any CPU
		{AFB45CE2-4E18-4B45-A39A-91BBD4EA7148}.Debug|iPhone.Build.0 = Debug|Any CPU
		{AFB45CE2-4E18-4B45-A39A-91BBD4EA7148}.Debug|iPhoneSimulator.ActiveCfg = Debug|Any CPU
		{AFB45CE2-4E18-4B45-A39A-91BBD4EA7148}.Debug|iPhoneSimulator.Build.0 = Debug|Any CPU
		{AFB45CE2-4E18-4B45-A39A-91BBD4EA7148}.Debug|Mixed Platforms.ActiveCfg = Debug|Any CPU
		{AFB45CE2-4E18-4B45-A39A-91BBD4EA7148}.Debug|Mixed Platforms.Build.0 = Debug|Any CPU
		{AFB45CE2-4E18-4B45-A39A-91BBD4EA7148}.Debug|x64.ActiveCfg = Debug|Any CPU
		{AFB45CE2-4E18-4B45-A39A-91BBD4EA7148}.Debug|x64.Build.0 = Debug|Any CPU
		{AFB45CE2-4E18-4B45-A39A-91BBD4EA7148}.Debug|x86.ActiveCfg = Debug|Any CPU
		{AFB45CE2-4E18-4B45-A39A-91BBD4EA7148}.Debug|x86.Build.0 = Debug|Any CPU
		{AFB45CE2-4E18-4B45-A39A-91BBD4EA7148}.Release|Any CPU.ActiveCfg = Release|Any CPU
		{AFB45CE2-4E18-4B45-A39A-91BBD4EA7148}.Release|Any CPU.Build.0 = Release|Any CPU
		{AFB45CE2-4E18-4B45-A39A-91BBD4EA7148}.Release|ARM.ActiveCfg = Release|Any CPU
		{AFB45CE2-4E18-4B45-A39A-91BBD4EA7148}.Release|ARM.Build.0 = Release|Any CPU
		{AFB45CE2-4E18-4B45-A39A-91BBD4EA7148}.Release|iPhone.ActiveCfg = Release|Any CPU
		{AFB45CE2-4E18-4B45-A39A-91BBD4EA7148}.Release|iPhone.Build.0 = Release|Any CPU
		{AFB45CE2-4E18-4B45-A39A-91BBD4EA7148}.Release|iPhoneSimulator.ActiveCfg = Release|Any CPU
		{AFB45CE2-4E18-4B45-A39A-91BBD4EA7148}.Release|iPhoneSimulator.Build.0 = Release|Any CPU
		{AFB45CE2-4E18-4B45-A39A-91BBD4EA7148}.Release|Mixed Platforms.ActiveCfg = Release|Any CPU
		{AFB45CE2-4E18-4B45-A39A-91BBD4EA7148}.Release|Mixed Platforms.Build.0 = Release|Any CPU
		{AFB45CE2-4E18-4B45-A39A-91BBD4EA7148}.Release|x64.ActiveCfg = Release|Any CPU
		{AFB45CE2-4E18-4B45-A39A-91BBD4EA7148}.Release|x64.Build.0 = Release|Any CPU
		{AFB45CE2-4E18-4B45-A39A-91BBD4EA7148}.Release|x86.ActiveCfg = Release|Any CPU
		{AFB45CE2-4E18-4B45-A39A-91BBD4EA7148}.Release|x86.Build.0 = Release|Any CPU
	EndGlobalSection
	GlobalSection(SolutionProperties) = preSolution
		HideSolutionNode = FALSE
	EndGlobalSection
	GlobalSection(NestedProjects) = preSolution
		{A35E0D2E-F509-4925-8D08-293C330A8E08} = {5D70461B-E25A-4251-9084-480B02E4F0CB}
		{A15FD6BD-96E8-4094-8647-FEC769DC38DE} = {5D70461B-E25A-4251-9084-480B02E4F0CB}
		{89BC5EE7-8D42-4BDD-8BBC-50DBA700C0A9} = {5D70461B-E25A-4251-9084-480B02E4F0CB}
		{5833ED04-4638-472D-911A-728B7A03C0D1} = {5D70461B-E25A-4251-9084-480B02E4F0CB}
		{3092B8B1-F3A7-4CE6-AD9C-BC0FB28B07DC} = {5D70461B-E25A-4251-9084-480B02E4F0CB}
		{DF163AC8-E643-48FC-BC7D-47095A4394B6} = {5D70461B-E25A-4251-9084-480B02E4F0CB}
		{AFB45CE2-4E18-4B45-A39A-91BBD4EA7148} = {5D70461B-E25A-4251-9084-480B02E4F0CB}
	EndGlobalSection
EndGlobal
